{"1.2.0",
[{<<"jsx">>,{pkg,<<"jsx">>,<<"2.8.2">>},0},
 {<<"tomerl">>,{pkg,<<"tomerl">>,<<"0.4.0">>},0}]}.
[
{pkg_hash,[
 {<<"jsx">>, <<"7ACC7D785B5ABE8A6E9ADBDE926A24E481F29956DD8B4DF49E3E4E7BCC92A018">>},
 {<<"tomerl">>, <<"279393D94115F7944688B3CFEE8BD97AF7D1606AC40472D4DC2DA2EB376C9311">>}]},
{pkg_hash_ext,[
 {<<"jsx">>, <<"B4C5D3230B397C8D95579E4A3D72826BB6463160130CCF4182F5BE8579B5F44C">>},
 {<<"tomerl">>, <<"927DC54CEE788110E158FF5268867AEFD56B49A3A9191D922AEB7CF3A9666826">>}]}
].
